hash: 08144c7d8ede020eb10d981be5ab85cf70273bba70cf7a2a8f6613efab802193
updated: 2019-10-16T22:02:50.406325144+02:00
imports:
- name: github.com/fsnotify/fsnotify
  version: 1485a34d5d5723fea214f5710708e19a831720e4
- name: github.com/hashicorp/hcl
  version: cf7d376da96d9cecec7c7483cec2735efe54a410
  subpackages:
  - hcl/ast
  - hcl/parser
  - hcl/printer
  - hcl/scanner
  - hcl/strconv
  - hcl/token
  - json/parser
  - json/scanner
  - json/token
- name: github.com/inconshreveable/mousetrap
  version: 76626ae9c91c4f2a10f34cad8ce83ea42c93bb75
- name: github.com/magiconair/properties
  version: de8848e004dd33dc07a2947b3d76f618a7fc7ef1
- name: github.com/mitchellh/go-homedir
  version: af06845cf3004701891bf4fdb884bfe4920b3727
- name: github.com/mitchellh/mapstructure
  version: 53818660ed4955e899c0bcafa97299a388bd7c8e
- name: github.com/pelletier/go-toml
  version: 84da2c4a25c585816f2c4211b699228d111d18ab
- name: github.com/spf13/afero
  version: 588a75ec4f32903aa5e39a2619ba6a4631e28424
  subpackages:
  - mem
- name: github.com/spf13/cast
  version: c01685bb8421cecb276fa517e91f757215f980b3
- name: github.com/spf13/cobra
  version: f2b07da1e2c38d5f12845a4f607e2e1018cbb1f5
- name: github.com/spf13/jwalterweatherman
  version: 94f6ae3ed3bceceafa716478c5fbf8d29ca601a1
- name: github.com/spf13/pflag
  version: 24fa6976df40757dce6aea913e7b81ade90530e1
- name: github.com/spf13/viper
  version: b5bf975e5823809fb22c7644d008757f78a4259e
- name: github.com/src-d/go-git
  version: 0d1a009cbb604db18be960db5f1525b99a55d727
- name: golang.org/x/sys
  version: b90733256f2e882e81d52f9126de08df5615afd9
  subpackages:
  - unix
- name: golang.org/x/text
  version: b19bf474d317b857955b12035d2c5acb57ce8b01
  subpackages:
  - transform
  - unicode/norm
- name: gopkg.in/yaml.v2
  version: 51d6538a90f86fe93ac480b35f37b2be17fef232
testImports: []
