hash: e582b001377ce85006bb0109d7cda9a07ec58f93c33991959def1260e141d5db
updated: 2019-11-13T16:30:02.821104684+01:00
imports:
- name: github.com/mitchellh/go-homedir
  version: af06845cf3004701891bf4fdb884bfe4920b3727
- name: github.com/sirupsen/logrus
  version: 839c75faf7f98a33d445d181f3018b5c3409a45e
- name: github.com/spf13/cobra
  version: f2b07da1e2c38d5f12845a4f607e2e1018cbb1f5
- name: github.com/spf13/viper
  version: 72b022eb357a56469725dcd03918449e2278d02e
- name: golang.org/x/net
  version: 2180aed2234323691e9fd264fb1d32d20ff04b27
  subpackages:
  - proxy
- name: golang.org/x/sys/unix
  version: 8ad34225713002c3de2d8410cc5f2c1cfcff7520
- name: golang.org/x/text/transform
  version: 342b2e1fbaa52c93f31447ad2c6abc048c63e475
- name: golang.org/x/text/unicode/norm
  version: 342b2e1fbaa52c93f31447ad2c6abc048c63e475
- name: gopkg.in/src-d/go-git.v4
  version: 0d1a009cbb604db18be960db5f1525b99a55d727
testImports: []
